
Microsoft Visual Studio Solution File, Format Version 12.00
# Visual Studio 15
VisualStudioVersion = 15.0.28307.168
MinimumVisualStudioVersion = 10.0.40219.1
Project("{FAE04EC0-301F-11D3-BF4B-00C04F79EFBC}") = "MercadoLp2", "MercadoLp2\MercadoLp2.csproj", "{CF719ECF-E9BB-403C-95AC-9A17EFD5ABFA}"
EndProject
Global
	GlobalSection(SolutionConfigurationPlatforms) = preSolution
		Debug|Any CPU = Debug|Any CPU
		Release|Any CPU = Release|Any CPU
	EndGlobalSection
	GlobalSection(ProjectConfigurationPlatforms) = postSolution
		{CF719ECF-E9BB-403C-95AC-9A17EFD5ABFA}.Debug|Any CPU.ActiveCfg = Debug|Any CPU
		{CF719ECF-E9BB-403C-95AC-9A17EFD5ABFA}.Debug|Any CPU.Build.0 = Debug|Any CPU
		{CF719ECF-E9BB-403C-95AC-9A17EFD5ABFA}.Release|Any CPU.ActiveCfg = Release|Any CPU
		{CF719ECF-E9BB-403C-95AC-9A17EFD5ABFA}.Release|Any CPU.Build.0 = Release|Any CPU
	EndGlobalSection
	GlobalSection(SolutionProperties) = preSolution
		HideSolutionNode = FALSE
	EndGlobalSection
	GlobalSection(ExtensibilityGlobals) = postSolution
		SolutionGuid = {422E99C0-C920-4D53-B24A-7CBF6FACC708}
	EndGlobalSection
EndGlobal
